
Microsoft Visual Studio Solution File, Format Version 12.00
Project("{FAE04EC0-301F-11D3-BF4B-00C04F79EFBC}") = "HomeInventory.Domain", "src\HomeInventory.Domain\HomeInventory.Domain.csproj", "{0A60C9BE-5F33-45D2-A255-84196033059D}"
EndProject
Project("{FAE04EC0-301F-11D3-BF4B-00C04F79EFBC}") = "HomeInventory.Application", "src\HomeInventory.Application\HomeInventory.Application.csproj", "{A7FBF466-C1BC-4DBF-B438-AFE85A91B61D}"
EndProject
Project("{FAE04EC0-301F-11D3-BF4B-00C04F79EFBC}") = "HomeInventory.API", "src\HomeInventory.API\HomeInventory.API.csproj", "{97446ECF-0A2A-4385-8A7F-BF82ABA4260B}"
EndProject
Project("{FAE04EC0-301F-11D3-BF4B-00C04F79EFBC}") = "HomeInventory.Infrastructure", "src\HomeInventory.Infrastructure\HomeInventory.Infrastructure.csproj", "{66480BBD-6A2F-46C9-9B51-DE75967BEDAA}"
EndProject
Project("{2150E333-8FDC-42A3-9474-1A3956D46DE8}") = "tests", "tests", "{0AB3BF05-4346-4AA6-1389-037BE0695223}"
EndProject
Project("{FAE04EC0-301F-11D3-BF4B-00C04F79EFBC}") = "HomeInventory.Domain.Tests", "tests\HomeInventory.Domain.Tests\HomeInventory.Domain.Tests.csproj", "{A63BEC23-BEDE-4E65-8995-AED2DF73C61C}"
EndProject
Project("{2150E333-8FDC-42A3-9474-1A3956D46DE8}") = "src", "src", "{827E0CD3-B72D-47B6-A68D-7590B98EB39B}"
EndProject
Global
	GlobalSection(SolutionConfigurationPlatforms) = preSolution
		Debug|Any CPU = Debug|Any CPU
		Debug|x64 = Debug|x64
		Debug|x86 = Debug|x86
		Release|Any CPU = Release|Any CPU
		Release|x64 = Release|x64
		Release|x86 = Release|x86
	EndGlobalSection
	GlobalSection(ProjectConfigurationPlatforms) = postSolution
		{0A60C9BE-5F33-45D2-A255-84196033059D}.Debug|Any CPU.ActiveCfg = Debug|Any CPU
		{0A60C9BE-5F33-45D2-A255-84196033059D}.Debug|Any CPU.Build.0 = Debug|Any CPU
		{0A60C9BE-5F33-45D2-A255-84196033059D}.Debug|x64.ActiveCfg = Debug|Any CPU
		{0A60C9BE-5F33-45D2-A255-84196033059D}.Debug|x64.Build.0 = Debug|Any CPU
		{0A60C9BE-5F33-45D2-A255-84196033059D}.Debug|x86.ActiveCfg = Debug|Any CPU
		{0A60C9BE-5F33-45D2-A255-84196033059D}.Debug|x86.Build.0 = Debug|Any CPU
		{0A60C9BE-5F33-45D2-A255-84196033059D}.Release|Any CPU.ActiveCfg = Release|Any CPU
		{0A60C9BE-5F33-45D2-A255-84196033059D}.Release|Any CPU.Build.0 = Release|Any CPU
		{0A60C9BE-5F33-45D2-A255-84196033059D}.Release|x64.ActiveCfg = Release|Any CPU
		{0A60C9BE-5F33-45D2-A255-84196033059D}.Release|x64.Build.0 = Release|Any CPU
		{0A60C9BE-5F33-45D2-A255-84196033059D}.Release|x86.ActiveCfg = Release|Any CPU
		{0A60C9BE-5F33-45D2-A255-84196033059D}.Release|x86.Build.0 = Release|Any CPU
		{A7FBF466-C1BC-4DBF-B438-AFE85A91B61D}.Debug|Any CPU.ActiveCfg = Debug|Any CPU
		{A7FBF466-C1BC-4DBF-B438-AFE85A91B61D}.Debug|Any CPU.Build.0 = Debug|Any CPU
		{A7FBF466-C1BC-4DBF-B438-AFE85A91B61D}.Debug|x64.ActiveCfg = Debug|Any CPU
		{A7FBF466-C1BC-4DBF-B438-AFE85A91B61D}.Debug|x64.Build.0 = Debug|Any CPU
		{A7FBF466-C1BC-4DBF-B438-AFE85A91B61D}.Debug|x86.ActiveCfg = Debug|Any CPU
		{A7FBF466-C1BC-4DBF-B438-AFE85A91B61D}.Debug|x86.Build.0 = Debug|Any CPU
		{A7FBF466-C1BC-4DBF-B438-AFE85A91B61D}.Release|Any CPU.ActiveCfg = Release|Any CPU
		{A7FBF466-C1BC-4DBF-B438-AFE85A91B61D}.Release|Any CPU.Build.0 = Release|Any CPU
		{A7FBF466-C1BC-4DBF-B438-AFE85A91B61D}.Release|x64.ActiveCfg = Release|Any CPU
		{A7FBF466-C1BC-4DBF-B438-AFE85A91B61D}.Release|x64.Build.0 = Release|Any CPU
		{A7FBF466-C1BC-4DBF-B438-AFE85A91B61D}.Release|x86.ActiveCfg = Release|Any CPU
		{A7FBF466-C1BC-4DBF-B438-AFE85A91B61D}.Release|x86.Build.0 = Release|Any CPU
		{97446ECF-0A2A-4385-8A7F-BF82ABA4260B}.Debug|Any CPU.ActiveCfg = Debug|Any CPU
		{97446ECF-0A2A-4385-8A7F-BF82ABA4260B}.Debug|Any CPU.Build.0 = Debug|Any CPU
		{97446ECF-0A2A-4385-8A7F-BF82ABA4260B}.Debug|x64.ActiveCfg = Debug|Any CPU
		{97446ECF-0A2A-4385-8A7F-BF82ABA4260B}.Debug|x64.Build.0 = Debug|Any CPU
		{97446ECF-0A2A-4385-8A7F-BF82ABA4260B}.Debug|x86.ActiveCfg = Debug|Any CPU
		{97446ECF-0A2A-4385-8A7F-BF82ABA4260B}.Debug|x86.Build.0 = Debug|Any CPU
		{97446ECF-0A2A-4385-8A7F-BF82ABA4260B}.Release|Any CPU.ActiveCfg = Release|Any CPU
		{97446ECF-0A2A-4385-8A7F-BF82ABA4260B}.Release|Any CPU.Build.0 = Release|Any CPU
		{97446ECF-0A2A-4385-8A7F-BF82ABA4260B}.Release|x64.ActiveCfg = Release|Any CPU
		{97446ECF-0A2A-4385-8A7F-BF82ABA4260B}.Release|x64.Build.0 = Release|Any CPU
		{97446ECF-0A2A-4385-8A7F-BF82ABA4260B}.Release|x86.ActiveCfg = Release|Any CPU
		{97446ECF-0A2A-4385-8A7F-BF82ABA4260B}.Release|x86.Build.0 = Release|Any CPU
		{66480BBD-6A2F-46C9-9B51-DE75967BEDAA}.Debug|Any CPU.ActiveCfg = Debug|Any CPU
		{66480BBD-6A2F-46C9-9B51-DE75967BEDAA}.Debug|Any CPU.Build.0 = Debug|Any CPU
		{66480BBD-6A2F-46C9-9B51-DE75967BEDAA}.Debug|x64.ActiveCfg = Debug|Any CPU
		{66480BBD-6A2F-46C9-9B51-DE75967BEDAA}.Debug|x64.Build.0 = Debug|Any CPU
		{66480BBD-6A2F-46C9-9B51-DE75967BEDAA}.Debug|x86.ActiveCfg = Debug|Any CPU
		{66480BBD-6A2F-46C9-9B51-DE75967BEDAA}.Debug|x86.Build.0 = Debug|Any CPU
		{66480BBD-6A2F-46C9-9B51-DE75967BEDAA}.Release|Any CPU.ActiveCfg = Release|Any CPU
		{66480BBD-6A2F-46C9-9B51-DE75967BEDAA}.Release|Any CPU.Build.0 = Release|Any CPU
		{66480BBD-6A2F-46C9-9B51-DE75967BEDAA}.Release|x64.ActiveCfg = Release|Any CPU
		{66480BBD-6A2F-46C9-9B51-DE75967BEDAA}.Release|x64.Build.0 = Release|Any CPU
		{66480BBD-6A2F-46C9-9B51-DE75967BEDAA}.Release|x86.ActiveCfg = Release|Any CPU
		{66480BBD-6A2F-46C9-9B51-DE75967BEDAA}.Release|x86.Build.0 = Release|Any CPU
		{A63BEC23-BEDE-4E65-8995-AED2DF73C61C}.Debug|Any CPU.ActiveCfg = Debug|Any CPU
		{A63BEC23-BEDE-4E65-8995-AED2DF73C61C}.Debug|Any CPU.Build.0 = Debug|Any CPU
		{A63BEC23-BEDE-4E65-8995-AED2DF73C61C}.Debug|x64.ActiveCfg = Debug|Any CPU
		{A63BEC23-BEDE-4E65-8995-AED2DF73C61C}.Debug|x64.Build.0 = Debug|Any CPU
		{A63BEC23-BEDE-4E65-8995-AED2DF73C61C}.Debug|x86.ActiveCfg = Debug|Any CPU
		{A63BEC23-BEDE-4E65-8995-AED2DF73C61C}.Debug|x86.Build.0 = Debug|Any CPU
		{A63BEC23-BEDE-4E65-8995-AED2DF73C61C}.Release|Any CPU.ActiveCfg = Release|Any CPU
		{A63BEC23-BEDE-4E65-8995-AED2DF73C61C}.Release|Any CPU.Build.0 = Release|Any CPU
		{A63BEC23-BEDE-4E65-8995-AED2DF73C61C}.Release|x64.ActiveCfg = Release|Any CPU
		{A63BEC23-BEDE-4E65-8995-AED2DF73C61C}.Release|x64.Build.0 = Release|Any CPU
		{A63BEC23-BEDE-4E65-8995-AED2DF73C61C}.Release|x86.ActiveCfg = Release|Any CPU
		{A63BEC23-BEDE-4E65-8995-AED2DF73C61C}.Release|x86.Build.0 = Release|Any CPU
	EndGlobalSection
	GlobalSection(SolutionProperties) = preSolution
		HideSolutionNode = FALSE
	EndGlobalSection
	GlobalSection(NestedProjects) = preSolution
		{A63BEC23-BEDE-4E65-8995-AED2DF73C61C} = {0AB3BF05-4346-4AA6-1389-037BE0695223}
		{97446ECF-0A2A-4385-8A7F-BF82ABA4260B} = {827E0CD3-B72D-47B6-A68D-7590B98EB39B}
		{A7FBF466-C1BC-4DBF-B438-AFE85A91B61D} = {827E0CD3-B72D-47B6-A68D-7590B98EB39B}
		{0A60C9BE-5F33-45D2-A255-84196033059D} = {827E0CD3-B72D-47B6-A68D-7590B98EB39B}
		{66480BBD-6A2F-46C9-9B51-DE75967BEDAA} = {827E0CD3-B72D-47B6-A68D-7590B98EB39B}
	EndGlobalSection
EndGlobal
